
Microsoft Visual Studio Solution File, Format Version 12.00
Project("{FAE04EC0-301F-11D3-BF4B-00C04F79EFBC}") = "TbdDevelop.Mediator.Outbox", "src\TbdDevelop.Mediator.Outbox\TbdDevelop.Mediator.Outbox.csproj", "{992F31DB-EDA5-419F-8B89-8F55F42ECE05}"
EndProject
Project("{FAE04EC0-301F-11D3-BF4B-00C04F79EFBC}") = "TbdDevelop.Mediator.Outbox.SqlServer", "src\TbdDevelop.Mediator.Outbox.SqlServer\TbdDevelop.Mediator.Outbox.SqlServer.csproj", "{37DCE4D7-51DA-4401-952B-5DC4B3837FA2}"
EndProject
Project("{FAE04EC0-301F-11D3-BF4B-00C04F79EFBC}") = "TbdDevelop.Mediator.Outbox.Tests", "tests\TbdDevelop.Mediator.Outbox.Tests\TbdDevelop.Mediator.Outbox.Tests.csproj", "{47A778CF-572B-4425-B358-E829BABA8CE2}"
EndProject
Project("{2150E333-8FDC-42A3-9474-1A3956D46DE8}") = "Tests", "Tests", "{7AC361CA-CF8A-4C5C-A197-0C9D4CE3D1A0}"
EndProject
Project("{2150E333-8FDC-42A3-9474-1A3956D46DE8}") = "Scripts", "Scripts", "{5326FFBC-1E3D-4C3D-A495-1D51A845D12E}"
	ProjectSection(SolutionItems) = preProject
		scripts\001_Create_SqlServerOutbox.sql = scripts\001_Create_SqlServerOutbox.sql
	EndProjectSection
EndProject
Project("{2150E333-8FDC-42A3-9474-1A3956D46DE8}") = "Docs", "Docs", "{831B8BE5-2B92-42B6-B112-E3578235D55D}"
	ProjectSection(SolutionItems) = preProject
		readme.md = readme.md
	EndProjectSection
EndProject
Project("{FAE04EC0-301F-11D3-BF4B-00C04F79EFBC}") = "TbdDevelop.Mediator.Outbox.SqlServer.Tests", "tests\TbdDevelop.Mediator.Outbox.SqlServer.Tests\TbdDevelop.Mediator.Outbox.SqlServer.Tests.csproj", "{F73C7954-4CEA-4CF2-B357-D6A0454A4D76}"
EndProject
Project("{FAE04EC0-301F-11D3-BF4B-00C04F79EFBC}") = "TbdDevelop.Mediator.Outbox.Postgres", "src\TbdDevelop.Mediator.Outbox.Postgres\TbdDevelop.Mediator.Outbox.Postgres.csproj", "{508E2CB4-ACB4-42BF-A572-FECF473E8EFC}"
EndProject
Project("{FAE04EC0-301F-11D3-BF4B-00C04F79EFBC}") = "TbdDevelop.Mediator.Outbox.Postgres.Tests", "tests\TbdDevelop.Mediator.Outbox.Postgres.Tests\TbdDevelop.Mediator.Outbox.Postgres.Tests.csproj", "{55083BA0-0E61-407E-8A27-95C9D25E09AB}"
EndProject
Global
	GlobalSection(SolutionConfigurationPlatforms) = preSolution
		Debug|Any CPU = Debug|Any CPU
		Release|Any CPU = Release|Any CPU
	EndGlobalSection
	GlobalSection(ProjectConfigurationPlatforms) = postSolution
		{992F31DB-EDA5-419F-8B89-8F55F42ECE05}.Debug|Any CPU.ActiveCfg = Debug|Any CPU
		{992F31DB-EDA5-419F-8B89-8F55F42ECE05}.Debug|Any CPU.Build.0 = Debug|Any CPU
		{992F31DB-EDA5-419F-8B89-8F55F42ECE05}.Release|Any CPU.ActiveCfg = Release|Any CPU
		{992F31DB-EDA5-419F-8B89-8F55F42ECE05}.Release|Any CPU.Build.0 = Release|Any CPU
		{37DCE4D7-51DA-4401-952B-5DC4B3837FA2}.Debug|Any CPU.ActiveCfg = Debug|Any CPU
		{37DCE4D7-51DA-4401-952B-5DC4B3837FA2}.Debug|Any CPU.Build.0 = Debug|Any CPU
		{37DCE4D7-51DA-4401-952B-5DC4B3837FA2}.Release|Any CPU.ActiveCfg = Release|Any CPU
		{37DCE4D7-51DA-4401-952B-5DC4B3837FA2}.Release|Any CPU.Build.0 = Release|Any CPU
		{47A778CF-572B-4425-B358-E829BABA8CE2}.Debug|Any CPU.ActiveCfg = Debug|Any CPU
		{47A778CF-572B-4425-B358-E829BABA8CE2}.Debug|Any CPU.Build.0 = Debug|Any CPU
		{47A778CF-572B-4425-B358-E829BABA8CE2}.Release|Any CPU.ActiveCfg = Release|Any CPU
		{47A778CF-572B-4425-B358-E829BABA8CE2}.Release|Any CPU.Build.0 = Release|Any CPU
		{F73C7954-4CEA-4CF2-B357-D6A0454A4D76}.Debug|Any CPU.ActiveCfg = Debug|Any CPU
		{F73C7954-4CEA-4CF2-B357-D6A0454A4D76}.Debug|Any CPU.Build.0 = Debug|Any CPU
		{F73C7954-4CEA-4CF2-B357-D6A0454A4D76}.Release|Any CPU.ActiveCfg = Release|Any CPU
		{F73C7954-4CEA-4CF2-B357-D6A0454A4D76}.Release|Any CPU.Build.0 = Release|Any CPU
		{508E2CB4-ACB4-42BF-A572-FECF473E8EFC}.Debug|Any CPU.ActiveCfg = Debug|Any CPU
		{508E2CB4-ACB4-42BF-A572-FECF473E8EFC}.Debug|Any CPU.Build.0 = Debug|Any CPU
		{508E2CB4-ACB4-42BF-A572-FECF473E8EFC}.Release|Any CPU.ActiveCfg = Release|Any CPU
		{508E2CB4-ACB4-42BF-A572-FECF473E8EFC}.Release|Any CPU.Build.0 = Release|Any CPU
		{55083BA0-0E61-407E-8A27-95C9D25E09AB}.Debug|Any CPU.ActiveCfg = Debug|Any CPU
		{55083BA0-0E61-407E-8A27-95C9D25E09AB}.Debug|Any CPU.Build.0 = Debug|Any CPU
		{55083BA0-0E61-407E-8A27-95C9D25E09AB}.Release|Any CPU.ActiveCfg = Release|Any CPU
		{55083BA0-0E61-407E-8A27-95C9D25E09AB}.Release|Any CPU.Build.0 = Release|Any CPU
	EndGlobalSection
	GlobalSection(NestedProjects) = preSolution
		{47A778CF-572B-4425-B358-E829BABA8CE2} = {7AC361CA-CF8A-4C5C-A197-0C9D4CE3D1A0}
		{F73C7954-4CEA-4CF2-B357-D6A0454A4D76} = {7AC361CA-CF8A-4C5C-A197-0C9D4CE3D1A0}
		{55083BA0-0E61-407E-8A27-95C9D25E09AB} = {7AC361CA-CF8A-4C5C-A197-0C9D4CE3D1A0}
	EndGlobalSection
EndGlobal
